
Microsoft Visual Studio Solution File, Format Version 12.00
# Visual Studio Version 16
VisualStudioVersion = 16.0.29613.14
MinimumVisualStudioVersion = 10.0.40219.1
Project("{9A19103F-16F7-4668-BE54-9A1E7A4F7556}") = "Searchfight.Terminal", "Searchfight\Searchfight.Terminal.csproj", "{474412D2-A7B9-410E-A823-C33BFB9D319A}"
EndProject
Project("{9A19103F-16F7-4668-BE54-9A1E7A4F7556}") = "Searchfight.Application", "Searchfight.Application\Searchfight.Application.csproj", "{2B693510-3307-4D06-8435-9F9500A9D7C9}"
EndProject
Project("{9A19103F-16F7-4668-BE54-9A1E7A4F7556}") = "Searchfight.Infrastructure", "Searchfight.Infrastructure\Searchfight.Infrastructure.csproj", "{CAF94D6D-541D-45B5-A835-B6D66280C7F3}"
EndProject
Project("{9A19103F-16F7-4668-BE54-9A1E7A4F7556}") = "Searchfight.Core", "Searchfight.Domain\Searchfight.Core.csproj", "{F313F10A-98A2-4E8E-9F40-0C5530FE29BC}"
EndProject
Project("{FAE04EC0-301F-11D3-BF4B-00C04F79EFBC}") = "Searchfight.Application.Tests", "Searchfight.Application.Tests\Searchfight.Application.Tests.csproj", "{0ECA8DF7-0186-4B22-8A84-454C6015375C}"
EndProject
Project("{2150E333-8FDC-42A3-9474-1A3956D46DE8}") = "src", "src", "{2F6722B0-43B5-4FD2-AD99-3A8C37DCAC03}"
EndProject
Project("{2150E333-8FDC-42A3-9474-1A3956D46DE8}") = "tests", "tests", "{AB9D0F62-18BF-430E-A472-241BE8603630}"
EndProject
Global
	GlobalSection(SolutionConfigurationPlatforms) = preSolution
		Debug|Any CPU = Debug|Any CPU
		Release|Any CPU = Release|Any CPU
	EndGlobalSection
	GlobalSection(ProjectConfigurationPlatforms) = postSolution
		{474412D2-A7B9-410E-A823-C33BFB9D319A}.Debug|Any CPU.ActiveCfg = Debug|Any CPU
		{474412D2-A7B9-410E-A823-C33BFB9D319A}.Debug|Any CPU.Build.0 = Debug|Any CPU
		{474412D2-A7B9-410E-A823-C33BFB9D319A}.Release|Any CPU.ActiveCfg = Release|Any CPU
		{474412D2-A7B9-410E-A823-C33BFB9D319A}.Release|Any CPU.Build.0 = Release|Any CPU
		{2B693510-3307-4D06-8435-9F9500A9D7C9}.Debug|Any CPU.ActiveCfg = Debug|Any CPU
		{2B693510-3307-4D06-8435-9F9500A9D7C9}.Debug|Any CPU.Build.0 = Debug|Any CPU
		{2B693510-3307-4D06-8435-9F9500A9D7C9}.Release|Any CPU.ActiveCfg = Release|Any CPU
		{2B693510-3307-4D06-8435-9F9500A9D7C9}.Release|Any CPU.Build.0 = Release|Any CPU
		{CAF94D6D-541D-45B5-A835-B6D66280C7F3}.Debug|Any CPU.ActiveCfg = Debug|Any CPU
		{CAF94D6D-541D-45B5-A835-B6D66280C7F3}.Debug|Any CPU.Build.0 = Debug|Any CPU
		{CAF94D6D-541D-45B5-A835-B6D66280C7F3}.Release|Any CPU.ActiveCfg = Release|Any CPU
		{CAF94D6D-541D-45B5-A835-B6D66280C7F3}.Release|Any CPU.Build.0 = Release|Any CPU
		{F313F10A-98A2-4E8E-9F40-0C5530FE29BC}.Debug|Any CPU.ActiveCfg = Debug|Any CPU
		{F313F10A-98A2-4E8E-9F40-0C5530FE29BC}.Debug|Any CPU.Build.0 = Debug|Any CPU
		{F313F10A-98A2-4E8E-9F40-0C5530FE29BC}.Release|Any CPU.ActiveCfg = Release|Any CPU
		{F313F10A-98A2-4E8E-9F40-0C5530FE29BC}.Release|Any CPU.Build.0 = Release|Any CPU
		{0ECA8DF7-0186-4B22-8A84-454C6015375C}.Debug|Any CPU.ActiveCfg = Debug|Any CPU
		{0ECA8DF7-0186-4B22-8A84-454C6015375C}.Debug|Any CPU.Build.0 = Debug|Any CPU
		{0ECA8DF7-0186-4B22-8A84-454C6015375C}.Release|Any CPU.ActiveCfg = Release|Any CPU
		{0ECA8DF7-0186-4B22-8A84-454C6015375C}.Release|Any CPU.Build.0 = Release|Any CPU
	EndGlobalSection
	GlobalSection(SolutionProperties) = preSolution
		HideSolutionNode = FALSE
	EndGlobalSection
	GlobalSection(NestedProjects) = preSolution
		{474412D2-A7B9-410E-A823-C33BFB9D319A} = {2F6722B0-43B5-4FD2-AD99-3A8C37DCAC03}
		{2B693510-3307-4D06-8435-9F9500A9D7C9} = {2F6722B0-43B5-4FD2-AD99-3A8C37DCAC03}
		{CAF94D6D-541D-45B5-A835-B6D66280C7F3} = {2F6722B0-43B5-4FD2-AD99-3A8C37DCAC03}
		{F313F10A-98A2-4E8E-9F40-0C5530FE29BC} = {2F6722B0-43B5-4FD2-AD99-3A8C37DCAC03}
		{0ECA8DF7-0186-4B22-8A84-454C6015375C} = {AB9D0F62-18BF-430E-A472-241BE8603630}
	EndGlobalSection
	GlobalSection(ExtensibilityGlobals) = postSolution
		SolutionGuid = {843CD477-E1FE-46E1-9029-7A6181D7763A}
	EndGlobalSection
EndGlobal
